
Microsoft Visual Studio Solution File, Format Version 12.00
# Visual Studio Version 16
VisualStudioVersion = 16.0.31605.320
MinimumVisualStudioVersion = 10.0.40219.1
Project("{9A19103F-16F7-4668-BE54-9A1E7A4F7556}") = "SupplySustain.Infrastructure.EF", "SupplySustain.Infrastructure.EF\SupplySustain.Infrastructure.EF.csproj", "{D6393156-97D0-462B-A59B-4258D7CECBE2}"
EndProject
Project("{9A19103F-16F7-4668-BE54-9A1E7A4F7556}") = "SupplySustain.Infrastructure.Data", "SupplySustain.Infrastructure.Data\SupplySustain.Infrastructure.Data.csproj", "{0142C5EE-C300-4711-BAE6-CB5218A57522}"
EndProject
Project("{9A19103F-16F7-4668-BE54-9A1E7A4F7556}") = "SupplySustain.Core.Domain", "SupplySustain.Core.Domain\SupplySustain.Core.Domain.csproj", "{CBAD9E09-C96C-415A-B391-D3A12992B399}"
EndProject
Project("{9A19103F-16F7-4668-BE54-9A1E7A4F7556}") = "SupplySustain.Core.Contracts", "SupplySustain.Core.Contracts\SupplySustain.Core.Contracts.csproj", "{4C52D037-6907-49FC-A34A-3E15F3C89299}"
EndProject
Project("{9A19103F-16F7-4668-BE54-9A1E7A4F7556}") = "SupplySustain.Core.ApplicationService", "SupplySustain.Core.ApplicationService\SupplySustain.Core.ApplicationService.csproj", "{090EADF2-3FB0-4EC7-9618-2AC919B3BB0F}"
EndProject
Project("{9A19103F-16F7-4668-BE54-9A1E7A4F7556}") = "ServiceHost", "ServiceHost\ServiceHost.csproj", "{B310364B-27AA-4AAB-8470-42E2BFB75824}"
EndProject
Project("{FAE04EC0-301F-11D3-BF4B-00C04F79EFBC}") = "SupplySustain.Test", "SupplySustain.Test\SupplySustain.Test.csproj", "{218DD7F5-5B26-44B5-A93E-6B0622763945}"
EndProject
Project("{FAE04EC0-301F-11D3-BF4B-00C04F79EFBC}") = "SupplySustainUI", "SupplySustainUI\SupplySustainUI.csproj", "{B66D426A-4EC2-4F5E-9B02-C45AE7E2E06E}"
EndProject
Global
	GlobalSection(SolutionConfigurationPlatforms) = preSolution
		Debug|Any CPU = Debug|Any CPU
		Release|Any CPU = Release|Any CPU
	EndGlobalSection
	GlobalSection(ProjectConfigurationPlatforms) = postSolution
		{D6393156-97D0-462B-A59B-4258D7CECBE2}.Debug|Any CPU.ActiveCfg = Debug|Any CPU
		{D6393156-97D0-462B-A59B-4258D7CECBE2}.Debug|Any CPU.Build.0 = Debug|Any CPU
		{D6393156-97D0-462B-A59B-4258D7CECBE2}.Release|Any CPU.ActiveCfg = Release|Any CPU
		{D6393156-97D0-462B-A59B-4258D7CECBE2}.Release|Any CPU.Build.0 = Release|Any CPU
		{0142C5EE-C300-4711-BAE6-CB5218A57522}.Debug|Any CPU.ActiveCfg = Debug|Any CPU
		{0142C5EE-C300-4711-BAE6-CB5218A57522}.Debug|Any CPU.Build.0 = Debug|Any CPU
		{0142C5EE-C300-4711-BAE6-CB5218A57522}.Release|Any CPU.ActiveCfg = Release|Any CPU
		{0142C5EE-C300-4711-BAE6-CB5218A57522}.Release|Any CPU.Build.0 = Release|Any CPU
		{CBAD9E09-C96C-415A-B391-D3A12992B399}.Debug|Any CPU.ActiveCfg = Debug|Any CPU
		{CBAD9E09-C96C-415A-B391-D3A12992B399}.Debug|Any CPU.Build.0 = Debug|Any CPU
		{CBAD9E09-C96C-415A-B391-D3A12992B399}.Release|Any CPU.ActiveCfg = Release|Any CPU
		{CBAD9E09-C96C-415A-B391-D3A12992B399}.Release|Any CPU.Build.0 = Release|Any CPU
		{4C52D037-6907-49FC-A34A-3E15F3C89299}.Debug|Any CPU.ActiveCfg = Debug|Any CPU
		{4C52D037-6907-49FC-A34A-3E15F3C89299}.Debug|Any CPU.Build.0 = Debug|Any CPU
		{4C52D037-6907-49FC-A34A-3E15F3C89299}.Release|Any CPU.ActiveCfg = Release|Any CPU
		{4C52D037-6907-49FC-A34A-3E15F3C89299}.Release|Any CPU.Build.0 = Release|Any CPU
		{090EADF2-3FB0-4EC7-9618-2AC919B3BB0F}.Debug|Any CPU.ActiveCfg = Debug|Any CPU
		{090EADF2-3FB0-4EC7-9618-2AC919B3BB0F}.Debug|Any CPU.Build.0 = Debug|Any CPU
		{090EADF2-3FB0-4EC7-9618-2AC919B3BB0F}.Release|Any CPU.ActiveCfg = Release|Any CPU
		{090EADF2-3FB0-4EC7-9618-2AC919B3BB0F}.Release|Any CPU.Build.0 = Release|Any CPU
		{B310364B-27AA-4AAB-8470-42E2BFB75824}.Debug|Any CPU.ActiveCfg = Debug|Any CPU
		{B310364B-27AA-4AAB-8470-42E2BFB75824}.Debug|Any CPU.Build.0 = Debug|Any CPU
		{B310364B-27AA-4AAB-8470-42E2BFB75824}.Release|Any CPU.ActiveCfg = Release|Any CPU
		{B310364B-27AA-4AAB-8470-42E2BFB75824}.Release|Any CPU.Build.0 = Release|Any CPU
		{218DD7F5-5B26-44B5-A93E-6B0622763945}.Debug|Any CPU.ActiveCfg = Debug|Any CPU
		{218DD7F5-5B26-44B5-A93E-6B0622763945}.Debug|Any CPU.Build.0 = Debug|Any CPU
		{218DD7F5-5B26-44B5-A93E-6B0622763945}.Release|Any CPU.ActiveCfg = Release|Any CPU
		{218DD7F5-5B26-44B5-A93E-6B0622763945}.Release|Any CPU.Build.0 = Release|Any CPU
		{B66D426A-4EC2-4F5E-9B02-C45AE7E2E06E}.Debug|Any CPU.ActiveCfg = Debug|Any CPU
		{B66D426A-4EC2-4F5E-9B02-C45AE7E2E06E}.Debug|Any CPU.Build.0 = Debug|Any CPU
		{B66D426A-4EC2-4F5E-9B02-C45AE7E2E06E}.Release|Any CPU.ActiveCfg = Release|Any CPU
		{B66D426A-4EC2-4F5E-9B02-C45AE7E2E06E}.Release|Any CPU.Build.0 = Release|Any CPU
	EndGlobalSection
	GlobalSection(SolutionProperties) = preSolution
		HideSolutionNode = FALSE
	EndGlobalSection
	GlobalSection(ExtensibilityGlobals) = postSolution
		SolutionGuid = {21532276-1E61-405F-AFF8-137C2D16B36C}
	EndGlobalSection
EndGlobal
